
Microsoft Visual Studio Solution File, Format Version 12.00
# Visual Studio Version 16
VisualStudioVersion = 16.0.30503.244
MinimumVisualStudioVersion = 10.0.40219.1
Project("{9A19103F-16F7-4668-BE54-9A1E7A4F7556}") = "PE.Web", "PE.Web.csproj", "{17187A15-86AE-4590-B6C2-E656EEEF8C55}"
EndProject
Global
	GlobalSection(SolutionConfigurationPlatforms) = preSolution
		Debug|Any CPU = Debug|Any CPU
		Release|Any CPU = Release|Any CPU
	EndGlobalSection
	GlobalSection(ProjectConfigurationPlatforms) = postSolution
		{17187A15-86AE-4590-B6C2-E656EEEF8C55}.Debug|Any CPU.ActiveCfg = Debug|Any CPU
		{17187A15-86AE-4590-B6C2-E656EEEF8C55}.Debug|Any CPU.Build.0 = Debug|Any CPU
		{17187A15-86AE-4590-B6C2-E656EEEF8C55}.Release|Any CPU.ActiveCfg = Release|Any CPU
		{17187A15-86AE-4590-B6C2-E656EEEF8C55}.Release|Any CPU.Build.0 = Release|Any CPU
	EndGlobalSection
	GlobalSection(SolutionProperties) = preSolution
		HideSolutionNode = FALSE
	EndGlobalSection
	GlobalSection(ExtensibilityGlobals) = postSolution
		SolutionGuid = {AEA148B2-2FEE-406C-BEB7-B8EDF77FD5AE}
	EndGlobalSection
EndGlobal
